<?xml version="1.0" encoding="utf-8"?>
<Project ToolsVersion="4.0" xmlns="http://schemas.microsoft.com/developer/msbuild/2003">
  <ItemGroup>
    <Filter Include="Source Files">
      <UniqueIdentifier>{5e7a5f1e-dbd0-48ab-9d61-3eb26d5f9fd7}</UniqueIdentifier>
      <Extensions>cpp;c;cxx;rc;def;r;odl;idl;hpj;bat</Extensions>
    </Filter>
    <Filter Include="Header Files">
      <UniqueIdentifier>{db55e0f1-a6b8-47cf-84de-12fd9716b63b}</UniqueIdentifier>
      <Extensions>h;hpp;hxx;hm;inl</Extensions>
    </Filter>
    <Filter Include="Resource Files">
      <UniqueIdentifier>{a48d5d28-8666-403c-a6af-2adefc1886c9}</UniqueIdentifier>
      <Extensions>ico;cur;bmp;dlg;rc2;rct;bin;rgs;gif;jpg;jpeg;jpe</Extensions>
    </Filter>
  </ItemGroup>
  <ItemGroup>
    <ClCompile Include="..\Apoorva_BCRTMT\Examples\CARD1\Two\ModeCode1.cpp">
      <Filter>Source Files</Filter>
    </ClCompile>
    <ClCompile Include="..\Apoorva_BCRTMT\Examples\CARD1\Two\RTtoRT.cpp">
      <Filter>Source Files</Filter>
    </ClCompile>
    <ClCompile Include="..\Apoorva_BCRTMT\Examples\CARD1\Two\BCtoRT.cpp">
      <Filter>Source Files</Filter>
    </ClCompile>
    <ClCompile Include="..\Apoorva_BCRTMT\Examples\CARD1\Two\RtToBc.cpp">
      <Filter>Source Files</Filter>
    </ClCompile>
    <ClCompile Include="..\Apoorva_BCRTMT\Examples\CARD1\Two\MemCheck.cpp">
      <Filter>Source Files</Filter>
    </ClCompile>
    <ClCompile Include="..\Apoorva_BCRTMT\Examples\CARD1\Two\ModeCode2.cpp">
      <Filter>Source Files</Filter>
    </ClCompile>
    <ClCompile Include="..\Apoorva_BCRTMT\Examples\CARD1\Two\Mode4and 5.cpp">
      <Filter>Source Files</Filter>
    </ClCompile>
    <ClCompile Include="..\Apoorva_BCRTMT\Examples\CARD1\Two\ModeCode17.cpp">
      <Filter>Source Files</Filter>
    </ClCompile>
    <ClCompile Include="..\Apoorva_BCRTMT\Examples\CARD1\Two\ModeCode18.cpp">
      <Filter>Source Files</Filter>
    </ClCompile>
    <ClCompile Include="..\Apoorva_BCRTMT\Examples\CARD1\Two\Bcst.cpp">
      <Filter>Source Files</Filter>
    </ClCompile>
    <ClCompile Include="..\Apoorva_BCRTMT\Examples\CARD1\Two\BcMt.cpp">
      <Filter>Source Files</Filter>
    </ClCompile>
    <ClCompile Include="..\Apoorva_BC_31RT_MT\Examples\CARD1\Three_Node_sample_codes\BCtoRT.cpp">
      <Filter>Source Files</Filter>
    </ClCompile>
  </ItemGroup>
  <ItemGroup>
    <ClInclude Include="..\Include\Libraries.h">
      <Filter>Header Files</Filter>
    </ClInclude>
    <ClInclude Include="..\Include\Bc_Mess.h">
      <Filter>Header Files</Filter>
    </ClInclude>
    <ClInclude Include="..\Include\Constants.h">
      <Filter>Header Files</Filter>
    </ClInclude>
    <ClInclude Include="..\Include\Include.h">
      <Filter>Header Files</Filter>
    </ClInclude>
    <ClInclude Include="..\Include\Libraries_LatsWork_Amar.h">
      <Filter>Header Files</Filter>
    </ClInclude>
    <ClInclude Include="..\Include\Libraries-Pre.h">
      <Filter>Header Files</Filter>
    </ClInclude>
    <ClInclude Include="..\Include\Mt_Mess.h">
      <Filter>Header Files</Filter>
    </ClInclude>
    <ClInclude Include="..\Include\Pcmcia1553.h">
      <Filter>Header Files</Filter>
    </ClInclude>
    <ClInclude Include="..\Include\Rt_Mess.h">
      <Filter>Header Files</Filter>
    </ClInclude>
  </ItemGroup>
</Project>